// !$*UTF8*$!
{
	archiveVersion = 1;
	classes = {
	};
	objectVersion = 50;
	objects = {

/* Begin PBXBuildFile section */
		503D9757240D80570081E693 /* AppDelegate.swift in Sources */ = {isa = PBXBuildFile; fileRef = 503D9756240D80570081E693 /* AppDelegate.swift */; };
		503D9759240D80570081E693 /* SceneDelegate.swift in Sources */ = {isa = PBXBuildFile; fileRef = 503D9758240D80570081E693 /* SceneDelegate.swift */; };
		503D975B240D80570081E693 /* ViewController.swift in Sources */ = {isa = PBXBuildFile; fileRef = 503D975A240D80570081E693 /* ViewController.swift */; };
		503D975E240D80570081E693 /* Main.storyboard in Resources */ = {isa = PBXBuildFile; fileRef = 503D975C240D80570081E693 /* Main.storyboard */; };
		503D9763240D805C0081E693 /* LaunchScreen.storyboard in Resources */ = {isa = PBXBuildFile; fileRef = 503D9761240D805C0081E693 /* LaunchScreen.storyboard */; };
		5085AC3024117F400074D16B /* Assets.xcassets in Resources */ = {isa = PBXBuildFile; fileRef = 5085AC2F24117F400074D16B /* Assets.xcassets */; };
		50CD0B76241829AF009DC529 /* Viagem.swift in Sources */ = {isa = PBXBuildFile; fileRef = 50CD0B75241829AF009DC529 /* Viagem.swift */; };
/* End PBXBuildFile section */

/* Begin PBXFileReference section */
		503D9753240D80570081E693 /* calculadora trajeto.app */ = {isa = PBXFileReference; explicitFileType = wrapper.application; includeInIndex = 0; path = "calculadora trajeto.app"; sourceTree = BUILT_PRODUCTS_DIR; };
		503D9756240D80570081E693 /* AppDelegate.swift */ = {isa = PBXFileReference; lastKnownFileType = sourcecode.swift; path = AppDelegate.swift; sourceTree = "<group>"; };
		503D9758240D80570081E693 /* SceneDelegate.swift */ = {isa = PBXFileReference; lastKnownFileType = sourcecode.swift; path = SceneDelegate.swift; sourceTree = "<group>"; };
		503D975A240D80570081E693 /* ViewController.swift */ = {isa = PBXFileReference; lastKnownFileType = sourcecode.swift; path = ViewController.swift; sourceTree = "<group>"; };
		503D975D240D80570081E693 /* Base */ = {isa = PBXFileReference; lastKnownFileType = file.storyboard; name = Base; path = Base.lproj/Main.storyboard; sourceTree = "<group>"; };
		503D9762240D805C0081E693 /* Base */ = {isa = PBXFileReference; lastKnownFileType = file.storyboard; name = Base; path = Base.lproj/LaunchScreen.storyboard; sourceTree = "<group>"; };
		503D9764240D805C0081E693 /* Info.plist */ = {isa = PBXFileReference; lastKnownFileType = text.plist.xml; path = Info.plist; sourceTree = "<group>"; };
		5085AC2F24117F400074D16B /* Assets.xcassets */ = {isa = PBXFileReference; lastKnownFileType = folder.assetcatalog; path = Assets.xcassets; sourceTree = "<group>"; };
		50CD0B75241829AF009DC529 /* Viagem.swift */ = {isa = PBXFileReference; lastKnownFileType = sourcecode.swift; path = Viagem.swift; sourceTree = "<group>"; };
/* End PBXFileReference section */

/* Begin PBXFrameworksBuildPhase section */
		503D9750240D80570081E693 /* Frameworks */ = {
			isa = PBXFrameworksBuildPhase;
			buildActionMask = 2147483647;
			files = (
			);
			runOnlyForDeploymentPostprocessing = 0;
		};
/* End PBXFrameworksBuildPhase section */

/* Begin PBXGroup section */
		503D974A240D80570081E693 = {
			isa = PBXGroup;
			children = (
				503D9755240D80570081E693 /* calculadora trajeto */,
				503D9754240D80570081E693 /* Products */,
			);
			sourceTree = "<group>";
		};
		503D9754240D80570081E693 /* Products */ = {
			isa = PBXGroup;
			children = (
				503D9753240D80570081E693 /* calculadora trajeto.app */,
			);
			name = Products;
			sourceTree = "<group>";
		};
		503D9755240D80570081E693 /* calculadora trajeto */ = {
			isa = PBXGroup;
			children = (
				503D9756240D80570081E693 /* AppDelegate.swift */,
				503D9758240D80570081E693 /* SceneDelegate.swift */,
				503D975A240D80570081E693 /* ViewController.swift */,
				503D975C240D80570081E693 /* Main.storyboard */,
				50CD0B75241829AF009DC529 /* Viagem.swift */,
				5085AC2F24117F400074D16B /* Assets.xcassets */,
				503D9761240D805C0081E693 /* LaunchScreen.storyboard */,
				503D9764240D805C0081E693 /* Info.plist */,
			);
			path = "calculadora trajeto";
			sourceTree = "<group>";
		};
/* End PBXGroup section */

/* Begin PBXNativeTarget section */
		503D9752240D80570081E693 /* calculadora trajeto */ = {
			isa = PBXNativeTarget;
			buildConfigurationList = 503D9767240D805C0081E693 /* Build configuration list for PBXNativeTarget "calculadora trajeto" */;
			buildPhases = (
				503D974F240D80570081E693 /* Sources */,
				503D9750240D80570081E693 /* Frameworks */,
				503D9751240D80570081E693 /* Resources */,
			);
			buildRules = (
			);
			dependencies = (
			);
			name = "calculadora trajeto";
			productName = "calculadora trajeto";
			productReference = 503D9753240D80570081E693 /* calculadora trajeto.app */;
			productType = "com.apple.product-type.application";
		};
/* End PBXNativeTarget section */

/* Begin PBXProject section */
		503D974B240D80570081E693 /* Project object */ = {
			isa = PBXProject;
			attributes = {
				LastSwiftUpdateCheck = 1130;
				LastUpgradeCheck = 1130;
				ORGANIZATIONNAME = "RAVENA MARIA AMARAL DE ARRUDA";
				TargetAttributes = {
					503D9752240D80570081E693 = {
						CreatedOnToolsVersion = 11.3.1;
					};
				};
			};
			buildConfigurationList = 503D974E240D80570081E693 /* Build configuration list for PBXProject "calculadora trajeto" */;
			compatibilityVersion = "Xcode 9.3";
			developmentRegion = en;
			hasScannedForEncodings = 0;
			knownRegions = (
				en,
				Base,
			);
			mainGroup = 503D974A240D80570081E693;
			productRefGroup = 503D9754240D80570081E693 /* Products */;
			projectDirPath = "";
			projectRoot = "";
			targets = (
				503D9752240D80570081E693 /* calculadora trajeto */,
			);
		};
/* End PBXProject section */

/* Begin PBXResourcesBuildPhase section */
		503D9751240D80570081E693 /* Resources */ = {
			isa = PBXResourcesBuildPhase;
			buildActionMask = 2147483647;
			files = (
				503D9763240D805C0081E693 /* LaunchScreen.storyboard in Resources */,
				5085AC3024117F400074D16B /* Assets.xcassets in Resources */,
				503D975E240D80570081E693 /* Main.storyboard in Resources */,
			);
			runOnlyForDeploymentPostprocessing = 0;
		};
/* End PBXResourcesBuildPhase section */

/* Begin PBXSourcesBuildPhase section */
		503D974F240D80570081E693 /* Sources */ = {
			isa = PBXSourcesBuildPhase;
			buildActionMask = 2147483647;
			files = (
				50CD0B76241829AF009DC529 /* Viagem.swift in Sources */,
				503D975B240D80570081E693 /* ViewController.swift in Sources */,
				503D9757240D80570081E693 /* AppDelegate.swift in Sources */,
				503D9759240D80570081E693 /* SceneDelegate.swift in Sources */,
			);
			runOnlyForDeploymentPostprocessing = 0;
		};
/* End PBXSourcesBuildPhase section */

/* Begin PBXVariantGroup section */
		503D975C240D80570081E693 /* Main.storyboard */ = {
			isa = PBXVariantGroup;
			children = (
				503D975D240D80570081E693 /* Base */,
			);
			name = Main.storyboard;
			sourceTree = "<group>";
		};
		503D9761240D805C0081E693 /* LaunchScreen.storyboard */ = {
			isa = PBXVariantGroup;
			children = (
				503D9762240D805C0081E693 /* Base */,
			);
			name = LaunchScreen.storyboard;
			sourceTree = "<group>";
		};
/* End PBXVariantGroup section */

/* Begin XCBuildConfiguration section */
		503D9765240D805C0081E693 /* Debug */ = {
			isa = XCBuildConfiguration;
			buildSettings = {
				ALWAYS_SEARCH_USER_PATHS = NO;
				CLANG_ANALYZER_NONNULL = YES;
				CLANG_ANALYZER_NUMBER_OBJECT_CONVERSION = YES_AGGRESSIVE;
				CLANG_CXX_LANGUAGE_STANDARD = "gnu++14";
				CLANG_CXX_LIBRARY = "libc++";
				CLANG_ENABLE_MODULES = YES;
				CLANG_ENABLE_OBJC_ARC = YES;
				CLANG_ENABLE_OBJC_WEAK = YES;
				CLANG_WARN_BLOCK_CAPTURE_AUTORELEASING = YES;
				CLANG_WARN_BOOL_CONVERSION = YES;
				CLANG_WARN_COMMA = YES;
				CLANG_WARN_CONSTANT_CONVERSION = YES;
				CLANG_WARN_DEPRECATED_OBJC_IMPLEMENTATIONS = YES;
				CLANG_WARN_DIRECT_OBJC_ISA_USAGE = YES_ERROR;
				CLANG_WARN_DOCUMENTATION_COMMENTS = YES;
				CLANG_WARN_EMPTY_BODY = YES;
				CLANG_WARN_ENUM_CONVERSION = YES;
				CLANG_WARN_INFINITE_RECURSION = YES;
				CLANG_WARN_INT_CONVERSION = YES;
				CLANG_WARN_NON_LITERAL_NULL_CONVERSION = YES;
				CLANG_WARN_OBJC_IMPLICIT_RETAIN_SELF = YES;
				CLANG_WARN_OBJC_LITERAL_CONVERSION = YES;
				CLANG_WARN_OBJC_ROOT_CLASS = YES_ERROR;
				CLANG_WARN_RANGE_LOOP_ANALYSIS = YES;
				CLANG_WARN_STRICT_PROTOTYPES = YES;
				CLANG_WARN_SUSPICIOUS_MOVE = YES;
				CLANG_WARN_UNGUARDED_AVAILABILITY = YES_AGGRESSIVE;
				CLANG_WARN_UNREACHABLE_CODE = YES;
				CLANG_WARN__DUPLICATE_METHOD_MATCH = YES;
				COPY_PHASE_STRIP = NO;
				DEBUG_INFORMATION_FORMAT = dwarf;
				ENABLE_STRICT_OBJC_MSGSEND = YES;
				ENABLE_TESTABILITY = YES;
				GCC_C_LANGUAGE_STANDARD = gnu11;
				GCC_DYNAMIC_NO_PIC = NO;
				GCC_NO_COMMON_BLOCKS = YES;
				GCC_OPTIMIZATION_LEVEL = 0;
				GCC_PREPROCESSOR_DEFINITIONS = (
					"DEBUG=1",
					"$(inherited)",
				);
				GCC_WARN_64_TO_32_BIT_CONVERSION = YES;
				GCC_WARN_ABOUT_RETURN_TYPE = YES_ERROR;
				GCC_WARN_UNDECLARED_SELECTOR = YES;
				GCC_WARN_UNINITIALIZED_AUTOS = YES_AGGRESSIVE;
				GCC_WARN_UNUSED_FUNCTION = YES;
				GCC_WARN_UNUSED_VARIABLE = YES;
				IPHONEOS_DEPLOYMENT_TARGET = 13.2;
				MTL_ENABLE_DEBUG_INFO = INCLUDE_SOURCE;
				MTL_FAST_MATH = YES;
				ONLY_ACTIVE_ARCH = YES;
				SDKROOT = iphoneos;
				SWIFT_ACTIVE_COMPILATION_CONDITIONS = DEBUG;
				SWIFT_OPTIMIZATION_LEVEL = "-Onone";
			};
			name = Debug;
		};
		503D9766240D805C0081E693 /* Release */ = {
			isa = XCBuildConfiguration;
			buildSettings = {
				ALWAYS_SEARCH_USER_PATHS = NO;
				CLANG_ANALYZER_NONNULL = YES;
				CLANG_ANALYZER_NUMBER_OBJECT_CONVERSION = YES_AGGRESSIVE;
				CLANG_CXX_LANGUAGE_STANDARD = "gnu++14";
				CLANG_CXX_LIBRARY = "libc++";
				CLANG_ENABLE_MODULES = YES;
				CLANG_ENABLE_OBJC_ARC = YES;
				CLANG_ENABLE_OBJC_WEAK = YES;
				CLANG_WARN_BLOCK_CAPTURE_AUTORELEASING = YES;
				CLANG_WARN_BOOL_CONVERSION = YES;
				CLANG_WARN_COMMA = YES;
				CLANG_WARN_CONSTANT_CONVERSION = YES;
				CLANG_WARN_DEPRECATED_OBJC_IMPLEMENTATIONS = YES;
				CLANG_WARN_DIRECT_OBJC_ISA_USAGE = YES_ERROR;
				CLANG_WARN_DOCUMENTATION_COMMENTS = YES;
				CLANG_WARN_EMPTY_BODY = YES;
				CLANG_WARN_ENUM_CONVERSION = YES;
				CLANG_WARN_INFINITE_RECURSION = YES;
				CLANG_WARN_INT_CONVERSION = YES;
				CLANG_WARN_NON_LITERAL_NULL_CONVERSION = YES;
				CLANG_WARN_OBJC_IMPLICIT_RETAIN_SELF = YES;
				CLANG_WARN_OBJC_LITERAL_CONVERSION = YES;
				CLANG_WARN_OBJC_ROOT_CLASS = YES_ERROR;
				CLANG_WARN_RANGE_LOOP_ANALYSIS = YES;
				CLANG_WARN_STRICT_PROTOTYPES = YES;
				CLANG_WARN_SUSPICIOUS_MOVE = YES;
				CLANG_WARN_UNGUARDED_AVAILABILITY = YES_AGGRESSIVE;
				CLANG_WARN_UNREACHABLE_CODE = YES;
				CLANG_WARN__DUPLICATE_METHOD_MATCH = YES;
				COPY_PHASE_STRIP = NO;
				DEBUG_INFORMATION_FORMAT = "dwarf-with-dsym";
				ENABLE_NS_ASSERTIONS = NO;
				ENABLE_STRICT_OBJC_MSGSEND = YES;
				GCC_C_LANGUAGE_STANDARD = gnu11;
				GCC_NO_COMMON_BLOCKS = YES;
				GCC_WARN_64_TO_32_BIT_CONVERSION = YES;
				GCC_WARN_ABOUT_RETURN_TYPE = YES_ERROR;
				GCC_WARN_UNDECLARED_SELECTOR = YES;
				GCC_WARN_UNINITIALIZED_AUTOS = YES_AGGRESSIVE;
				GCC_WARN_UNUSED_FUNCTION = YES;
				GCC_WARN_UNUSED_VARIABLE = YES;
				IPHONEOS_DEPLOYMENT_TARGET = 13.2;
				MTL_ENABLE_DEBUG_INFO = NO;
				MTL_FAST_MATH = YES;
				SDKROOT = iphoneos;
				SWIFT_COMPILATION_MODE = wholemodule;
				SWIFT_OPTIMIZATION_LEVEL = "-O";
				VALIDATE_PRODUCT = YES;
			};
			name = Release;
		};
		503D9768240D805C0081E693 /* Debug */ = {
			isa = XCBuildConfiguration;
			buildSettings = {
				ASSETCATALOG_COMPILER_APPICON_NAME = AppIcon;
				CODE_SIGN_STYLE = Automatic;
				INFOPLIST_FILE = "calculadora trajeto/Info.plist";
				LD_RUNPATH_SEARCH_PATHS = (
					"$(inherited)",
					"@executable_path/Frameworks",
				);
				PRODUCT_BUNDLE_IDENTIFIER = "-234.calculadora-trajeto";
				PRODUCT_NAME = "$(TARGET_NAME)";
				SWIFT_VERSION = 5.0;
				TARGETED_DEVICE_FAMILY = "1,2";
			};
			name = Debug;
		};
		503D9769240D805C0081E693 /* Release */ = {
			isa = XCBuildConfiguration;
			buildSettings = {
				ASSETCATALOG_COMPILER_APPICON_NAME = AppIcon;
				CODE_SIGN_STYLE = Automatic;
				INFOPLIST_FILE = "calculadora trajeto/Info.plist";
				LD_RUNPATH_SEARCH_PATHS = (
					"$(inherited)",
					"@executable_path/Frameworks",
				);
				PRODUCT_BUNDLE_IDENTIFIER = "-234.calculadora-trajeto";
				PRODUCT_NAME = "$(TARGET_NAME)";
				SWIFT_VERSION = 5.0;
				TARGETED_DEVICE_FAMILY = "1,2";
			};
			name = Release;
		};
/* End XCBuildConfiguration section */

/* Begin XCConfigurationList section */
		503D974E240D80570081E693 /* Build configuration list for PBXProject "calculadora trajeto" */ = {
			isa = XCConfigurationList;
			buildConfigurations = (
				503D9765240D805C0081E693 /* Debug */,
				503D9766240D805C0081E693 /* Release */,
			);
			defaultConfigurationIsVisible = 0;
			defaultConfigurationName = Release;
		};
		503D9767240D805C0081E693 /* Build configuration list for PBXNativeTarget "calculadora trajeto" */ = {
			isa = XCConfigurationList;
			buildConfigurations = (
				503D9768240D805C0081E693 /* Debug */,
				503D9769240D805C0081E693 /* Release */,
			);
			defaultConfigurationIsVisible = 0;
			defaultConfigurationName = Release;
		};
/* End XCConfigurationList section */
	};
	rootObject = 503D974B240D80570081E693 /* Project object */;
}
